
Microsoft Visual Studio Solution File, Format Version 12.00
# Visual Studio Version 17
VisualStudioVersion = 17.0.31903.59
MinimumVisualStudioVersion = 10.0.40219.1
Project("{2150E333-8FDC-42A3-9474-1A3956D46DE8}") = "Libs", "Libs", "{B374CD01-A450-42E6-903A-613525311610}"
EndProject
Project("{FAE04EC0-301F-11D3-BF4B-00C04F79EFBC}") = "FarseerPhysicsXNA", "Libs\FarseerPhysicsXNA\FarseerPhysicsXNA.csproj", "{8E56D5E0-1A18-4672-98C9-48DA2D0FF6C1}"
EndProject
Project("{FAE04EC0-301F-11D3-BF4B-00C04F79EFBC}") = "OgmoXNA", "Libs\OgmoXNA\OgmoXNA.csproj", "{A67D485E-72DF-4553-85DD-894F214A2C2B}"
EndProject
Project("{FAE04EC0-301F-11D3-BF4B-00C04F79EFBC}") = "SKAnimation", "Libs\SKAnimation\SKAnimation.csproj", "{53E2DB0D-2C46-40AE-B8AF-9CAEA165C752}"
EndProject
Project("{FAE04EC0-301F-11D3-BF4B-00C04F79EFBC}") = "Krypton", "Libs\Krypton\Krypton.csproj", "{F7B9241A-9906-41DB-A1B9-E0DF70C19A46}"
EndProject
Project("{FAE04EC0-301F-11D3-BF4B-00C04F79EFBC}") = "ProjectMercury", "Libs\ProjectMercury\ProjectMercury.csproj", "{4E52C98A-B4D1-485A-A412-975C5462E006}"
EndProject
Project("{FAE04EC0-301F-11D3-BF4B-00C04F79EFBC}") = "DebugViewXNA", "Libs\DebugViewXNA\DebugViewXNA.csproj", "{96E6D616-7D79-4461-9AAF-2309778DCBBE}"
EndProject
Project("{FAE04EC0-301F-11D3-BF4B-00C04F79EFBC}") = "BeStiff", "BeStiff\BeStiff.csproj", "{F5B38E34-A453-4332-B858-ABF7CBB4D89D}"
EndProject
Project("{FAE04EC0-301F-11D3-BF4B-00C04F79EFBC}") = "EasyStorage", "Libs\EasyStorage\EasyStorage.csproj", "{BD0651AD-C8A6-461F-8240-95AE253EB56A}"
EndProject
Project("{FAE04EC0-301F-11D3-BF4B-00C04F79EFBC}") = "Nuclex.Support", "Libs\Nuclex.Support\Nuclex.Support.csproj", "{FC07B704-701F-43A2-9051-C6745D1C0033}"
EndProject
Project("{FAE04EC0-301F-11D3-BF4B-00C04F79EFBC}") = "Nuclex.Input", "Libs\Nuclex.Input\Nuclex.Input.csproj", "{74B30442-9499-4FEC-932B-A848E5A6F9C3}"
EndProject
Project("{FAE04EC0-301F-11D3-BF4B-00C04F79EFBC}") = "Nuclex.UserInterface", "Libs\Nuclex.UserInterface\Nuclex.UserInterface.csproj", "{748197C2-03AD-48C3-838F-A6D4E0B1836F}"
EndProject
Project("{2150E333-8FDC-42A3-9474-1A3956D46DE8}") = "Tools", "Tools", "{8477A0C0-6B4B-4D24-9EEA-52F867A2989E}"
EndProject
Project("{FAE04EC0-301F-11D3-BF4B-00C04F79EFBC}") = "AnimationEditor", "Tools\AnimationEditor\AnimationEditor.csproj", "{5DF693ED-3EBF-4CEC-BCC7-51668ACC2084}"
EndProject
Global
	GlobalSection(SolutionConfigurationPlatforms) = preSolution
		Debug|Any CPU = Debug|Any CPU
		Release|Any CPU = Release|Any CPU
	EndGlobalSection
	GlobalSection(SolutionProperties) = preSolution
		HideSolutionNode = FALSE
	EndGlobalSection
	GlobalSection(ProjectConfigurationPlatforms) = postSolution
		{8E56D5E0-1A18-4672-98C9-48DA2D0FF6C1}.Debug|Any CPU.ActiveCfg = Debug|Any CPU
		{8E56D5E0-1A18-4672-98C9-48DA2D0FF6C1}.Debug|Any CPU.Build.0 = Debug|Any CPU
		{8E56D5E0-1A18-4672-98C9-48DA2D0FF6C1}.Release|Any CPU.ActiveCfg = Release|Any CPU
		{8E56D5E0-1A18-4672-98C9-48DA2D0FF6C1}.Release|Any CPU.Build.0 = Release|Any CPU
		{A67D485E-72DF-4553-85DD-894F214A2C2B}.Debug|Any CPU.ActiveCfg = Debug|Any CPU
		{A67D485E-72DF-4553-85DD-894F214A2C2B}.Debug|Any CPU.Build.0 = Debug|Any CPU
		{A67D485E-72DF-4553-85DD-894F214A2C2B}.Release|Any CPU.ActiveCfg = Release|Any CPU
		{A67D485E-72DF-4553-85DD-894F214A2C2B}.Release|Any CPU.Build.0 = Release|Any CPU
		{53E2DB0D-2C46-40AE-B8AF-9CAEA165C752}.Debug|Any CPU.ActiveCfg = Debug|Any CPU
		{53E2DB0D-2C46-40AE-B8AF-9CAEA165C752}.Debug|Any CPU.Build.0 = Debug|Any CPU
		{53E2DB0D-2C46-40AE-B8AF-9CAEA165C752}.Release|Any CPU.ActiveCfg = Release|Any CPU
		{53E2DB0D-2C46-40AE-B8AF-9CAEA165C752}.Release|Any CPU.Build.0 = Release|Any CPU
		{F7B9241A-9906-41DB-A1B9-E0DF70C19A46}.Debug|Any CPU.ActiveCfg = Debug|Any CPU
		{F7B9241A-9906-41DB-A1B9-E0DF70C19A46}.Debug|Any CPU.Build.0 = Debug|Any CPU
		{F7B9241A-9906-41DB-A1B9-E0DF70C19A46}.Release|Any CPU.ActiveCfg = Release|Any CPU
		{F7B9241A-9906-41DB-A1B9-E0DF70C19A46}.Release|Any CPU.Build.0 = Release|Any CPU
		{4E52C98A-B4D1-485A-A412-975C5462E006}.Debug|Any CPU.ActiveCfg = Debug|Any CPU
		{4E52C98A-B4D1-485A-A412-975C5462E006}.Debug|Any CPU.Build.0 = Debug|Any CPU
		{4E52C98A-B4D1-485A-A412-975C5462E006}.Release|Any CPU.ActiveCfg = Release|Any CPU
		{4E52C98A-B4D1-485A-A412-975C5462E006}.Release|Any CPU.Build.0 = Release|Any CPU
		{96E6D616-7D79-4461-9AAF-2309778DCBBE}.Debug|Any CPU.ActiveCfg = Debug|Any CPU
		{96E6D616-7D79-4461-9AAF-2309778DCBBE}.Debug|Any CPU.Build.0 = Debug|Any CPU
		{96E6D616-7D79-4461-9AAF-2309778DCBBE}.Release|Any CPU.ActiveCfg = Release|Any CPU
		{96E6D616-7D79-4461-9AAF-2309778DCBBE}.Release|Any CPU.Build.0 = Release|Any CPU
		{F5B38E34-A453-4332-B858-ABF7CBB4D89D}.Debug|Any CPU.ActiveCfg = Debug|Any CPU
		{F5B38E34-A453-4332-B858-ABF7CBB4D89D}.Debug|Any CPU.Build.0 = Debug|Any CPU
		{F5B38E34-A453-4332-B858-ABF7CBB4D89D}.Release|Any CPU.ActiveCfg = Release|Any CPU
		{F5B38E34-A453-4332-B858-ABF7CBB4D89D}.Release|Any CPU.Build.0 = Release|Any CPU
		{BD0651AD-C8A6-461F-8240-95AE253EB56A}.Debug|Any CPU.ActiveCfg = Debug|Any CPU
		{BD0651AD-C8A6-461F-8240-95AE253EB56A}.Debug|Any CPU.Build.0 = Debug|Any CPU
		{BD0651AD-C8A6-461F-8240-95AE253EB56A}.Release|Any CPU.ActiveCfg = Release|Any CPU
		{BD0651AD-C8A6-461F-8240-95AE253EB56A}.Release|Any CPU.Build.0 = Release|Any CPU
		{FC07B704-701F-43A2-9051-C6745D1C0033}.Debug|Any CPU.ActiveCfg = Debug|Any CPU
		{FC07B704-701F-43A2-9051-C6745D1C0033}.Debug|Any CPU.Build.0 = Debug|Any CPU
		{FC07B704-701F-43A2-9051-C6745D1C0033}.Release|Any CPU.ActiveCfg = Release|Any CPU
		{FC07B704-701F-43A2-9051-C6745D1C0033}.Release|Any CPU.Build.0 = Release|Any CPU
		{74B30442-9499-4FEC-932B-A848E5A6F9C3}.Debug|Any CPU.ActiveCfg = Debug|Any CPU
		{74B30442-9499-4FEC-932B-A848E5A6F9C3}.Debug|Any CPU.Build.0 = Debug|Any CPU
		{74B30442-9499-4FEC-932B-A848E5A6F9C3}.Release|Any CPU.ActiveCfg = Release|Any CPU
		{74B30442-9499-4FEC-932B-A848E5A6F9C3}.Release|Any CPU.Build.0 = Release|Any CPU
		{748197C2-03AD-48C3-838F-A6D4E0B1836F}.Debug|Any CPU.ActiveCfg = Debug|Any CPU
		{748197C2-03AD-48C3-838F-A6D4E0B1836F}.Debug|Any CPU.Build.0 = Debug|Any CPU
		{748197C2-03AD-48C3-838F-A6D4E0B1836F}.Release|Any CPU.ActiveCfg = Release|Any CPU
		{748197C2-03AD-48C3-838F-A6D4E0B1836F}.Release|Any CPU.Build.0 = Release|Any CPU
		{5DF693ED-3EBF-4CEC-BCC7-51668ACC2084}.Debug|Any CPU.ActiveCfg = Debug|Any CPU
		{5DF693ED-3EBF-4CEC-BCC7-51668ACC2084}.Debug|Any CPU.Build.0 = Debug|Any CPU
		{5DF693ED-3EBF-4CEC-BCC7-51668ACC2084}.Release|Any CPU.ActiveCfg = Release|Any CPU
		{5DF693ED-3EBF-4CEC-BCC7-51668ACC2084}.Release|Any CPU.Build.0 = Release|Any CPU
	EndGlobalSection
	GlobalSection(NestedProjects) = preSolution
		{8E56D5E0-1A18-4672-98C9-48DA2D0FF6C1} = {B374CD01-A450-42E6-903A-613525311610}
		{A67D485E-72DF-4553-85DD-894F214A2C2B} = {B374CD01-A450-42E6-903A-613525311610}
		{53E2DB0D-2C46-40AE-B8AF-9CAEA165C752} = {B374CD01-A450-42E6-903A-613525311610}
		{F7B9241A-9906-41DB-A1B9-E0DF70C19A46} = {B374CD01-A450-42E6-903A-613525311610}
		{4E52C98A-B4D1-485A-A412-975C5462E006} = {B374CD01-A450-42E6-903A-613525311610}
		{96E6D616-7D79-4461-9AAF-2309778DCBBE} = {B374CD01-A450-42E6-903A-613525311610}
		{BD0651AD-C8A6-461F-8240-95AE253EB56A} = {B374CD01-A450-42E6-903A-613525311610}
		{FC07B704-701F-43A2-9051-C6745D1C0033} = {B374CD01-A450-42E6-903A-613525311610}
		{74B30442-9499-4FEC-932B-A848E5A6F9C3} = {B374CD01-A450-42E6-903A-613525311610}
		{748197C2-03AD-48C3-838F-A6D4E0B1836F} = {B374CD01-A450-42E6-903A-613525311610}
		{5DF693ED-3EBF-4CEC-BCC7-51668ACC2084} = {8477A0C0-6B4B-4D24-9EEA-52F867A2989E}
	EndGlobalSection
EndGlobal
